// !$*UTF8*$!
{
	archiveVersion = 1;
	classes = {
	};
	objectVersion = 55;
	objects = {

/* Begin PBXBuildFile section */
		5140730227D596C4005EC88D /* main.swift in Sources */ = {isa = PBXBuildFile; fileRef = 5140730127D596C4005EC88D /* main.swift */; };
		5140730927D5979C005EC88D /* Config.swift in Sources */ = {isa = PBXBuildFile; fileRef = 5140730827D5979C005EC88D /* Config.swift */; };
		5140730B27D59863005EC88D /* FilterFiles.swift in Sources */ = {isa = PBXBuildFile; fileRef = 5140730A27D59863005EC88D /* FilterFiles.swift */; };
		5140730D27D618BB005EC88D /* Translation.swift in Sources */ = {isa = PBXBuildFile; fileRef = 5140730C27D618BB005EC88D /* Translation.swift */; };
		5150182027F6F4C500BF949D /* Interface.swift in Sources */ = {isa = PBXBuildFile; fileRef = 5150181F27F6F4C500BF949D /* Interface.swift */; };
		5150182227F6F4CD00BF949D /* End.swift in Sources */ = {isa = PBXBuildFile; fileRef = 5150182127F6F4CD00BF949D /* End.swift */; };
		5150182427F7172700BF949D /* Implementation.swift in Sources */ = {isa = PBXBuildFile; fileRef = 5150182327F7172700BF949D /* Implementation.swift */; };
		5150182627F71B5100BF949D /* Method.swift in Sources */ = {isa = PBXBuildFile; fileRef = 5150182527F71B5100BF949D /* Method.swift */; };
		5150182A27F7E06300BF949D /* Mark.swift in Sources */ = {isa = PBXBuildFile; fileRef = 5150182927F7E06300BF949D /* Mark.swift */; };
		5150182C27F7E23D00BF949D /* Import.swift in Sources */ = {isa = PBXBuildFile; fileRef = 5150182B27F7E23D00BF949D /* Import.swift */; };
		5150182E27F7E2CA00BF949D /* NS_ASSUME_NONNULL.swift in Sources */ = {isa = PBXBuildFile; fileRef = 5150182D27F7E2CA00BF949D /* NS_ASSUME_NONNULL.swift */; };
		5150183227F7F58E00BF949D /* Literal.swift in Sources */ = {isa = PBXBuildFile; fileRef = 5150183127F7F58E00BF949D /* Literal.swift */; };
		5150183427F806B000BF949D /* Semicolon.swift in Sources */ = {isa = PBXBuildFile; fileRef = 5150183327F806B000BF949D /* Semicolon.swift */; };
		5163A29D27F59D970003ECE5 /* Features.swift in Sources */ = {isa = PBXBuildFile; fileRef = 5163A29C27F59D970003ECE5 /* Features.swift */; };
		5163A29F27F5AE960003ECE5 /* EqualSignLeftStatement.swift in Sources */ = {isa = PBXBuildFile; fileRef = 5163A29E27F5AE960003ECE5 /* EqualSignLeftStatement.swift */; };
		5163A2A127F68E5C0003ECE5 /* Property.swift in Sources */ = {isa = PBXBuildFile; fileRef = 5163A2A027F68E5C0003ECE5 /* Property.swift */; };
		51A72A7327FD8B5F0045D9E1 /* CGRectMake.swift in Sources */ = {isa = PBXBuildFile; fileRef = 51A72A7227FD8B5F0045D9E1 /* CGRectMake.swift */; };
		51A72A7527FD8E0A0045D9E1 /* ButtonWithType.swift in Sources */ = {isa = PBXBuildFile; fileRef = 51A72A7427FD8E0A0045D9E1 /* ButtonWithType.swift */; };
		51A72A7B27FE84DF0045D9E1 /* StatementClass.swift in Sources */ = {isa = PBXBuildFile; fileRef = 51A72A7A27FE84DF0045D9E1 /* StatementClass.swift */; };
		51A72A7D27FE85350045D9E1 /* StatementProtocol.swift in Sources */ = {isa = PBXBuildFile; fileRef = 51A72A7C27FE85350045D9E1 /* StatementProtocol.swift */; };
		51DB0AA927FD3D8300B6D494 /* AddSubviewMethod.swift in Sources */ = {isa = PBXBuildFile; fileRef = 51DB0AA827FD3D8300B6D494 /* AddSubviewMethod.swift */; };
		51DB0AAC27FD468900B6D494 /* Masonry.swift in Sources */ = {isa = PBXBuildFile; fileRef = 51DB0AAB27FD468900B6D494 /* Masonry.swift */; };
		51DB0AAE27FD70C100B6D494 /* CGSizeMake.swift in Sources */ = {isa = PBXBuildFile; fileRef = 51DB0AAD27FD70C100B6D494 /* CGSizeMake.swift */; };
		51EF5DF827D6FF06002BF582 /* ClassMap.swift in Sources */ = {isa = PBXBuildFile; fileRef = 51EF5DF727D6FF06002BF582 /* ClassMap.swift */; };
/* End PBXBuildFile section */

/* Begin PBXCopyFilesBuildPhase section */
		514072FC27D596C4005EC88D /* CopyFiles */ = {
			isa = PBXCopyFilesBuildPhase;
			buildActionMask = 2147483647;
			dstPath = /usr/share/man/man1/;
			dstSubfolderSpec = 0;
			files = (
			);
			runOnlyForDeploymentPostprocessing = 1;
		};
/* End PBXCopyFilesBuildPhase section */

/* Begin PBXFileReference section */
		514072FE27D596C4005EC88D /* toswift */ = {isa = PBXFileReference; explicitFileType = "compiled.mach-o.executable"; includeInIndex = 0; path = toswift; sourceTree = BUILT_PRODUCTS_DIR; };
		5140730127D596C4005EC88D /* main.swift */ = {isa = PBXFileReference; lastKnownFileType = sourcecode.swift; path = main.swift; sourceTree = "<group>"; };
		5140730827D5979C005EC88D /* Config.swift */ = {isa = PBXFileReference; lastKnownFileType = sourcecode.swift; path = Config.swift; sourceTree = "<group>"; };
		5140730A27D59863005EC88D /* FilterFiles.swift */ = {isa = PBXFileReference; lastKnownFileType = sourcecode.swift; path = FilterFiles.swift; sourceTree = "<group>"; };
		5140730C27D618BB005EC88D /* Translation.swift */ = {isa = PBXFileReference; lastKnownFileType = sourcecode.swift; path = Translation.swift; sourceTree = "<group>"; };
		5150181F27F6F4C500BF949D /* Interface.swift */ = {isa = PBXFileReference; lastKnownFileType = sourcecode.swift; path = Interface.swift; sourceTree = "<group>"; };
		5150182127F6F4CD00BF949D /* End.swift */ = {isa = PBXFileReference; lastKnownFileType = sourcecode.swift; path = End.swift; sourceTree = "<group>"; };
		5150182327F7172700BF949D /* Implementation.swift */ = {isa = PBXFileReference; lastKnownFileType = sourcecode.swift; path = Implementation.swift; sourceTree = "<group>"; };
		5150182527F71B5100BF949D /* Method.swift */ = {isa = PBXFileReference; lastKnownFileType = sourcecode.swift; path = Method.swift; sourceTree = "<group>"; };
		5150182927F7E06300BF949D /* Mark.swift */ = {isa = PBXFileReference; lastKnownFileType = sourcecode.swift; path = Mark.swift; sourceTree = "<group>"; };
		5150182B27F7E23D00BF949D /* Import.swift */ = {isa = PBXFileReference; lastKnownFileType = sourcecode.swift; path = Import.swift; sourceTree = "<group>"; };
		5150182D27F7E2CA00BF949D /* NS_ASSUME_NONNULL.swift */ = {isa = PBXFileReference; lastKnownFileType = sourcecode.swift; path = NS_ASSUME_NONNULL.swift; sourceTree = "<group>"; };
		5150183127F7F58E00BF949D /* Literal.swift */ = {isa = PBXFileReference; lastKnownFileType = sourcecode.swift; path = Literal.swift; sourceTree = "<group>"; };
		5150183327F806B000BF949D /* Semicolon.swift */ = {isa = PBXFileReference; lastKnownFileType = sourcecode.swift; path = Semicolon.swift; sourceTree = "<group>"; };
		5163A29C27F59D970003ECE5 /* Features.swift */ = {isa = PBXFileReference; lastKnownFileType = sourcecode.swift; path = Features.swift; sourceTree = "<group>"; };
		5163A29E27F5AE960003ECE5 /* EqualSignLeftStatement.swift */ = {isa = PBXFileReference; lastKnownFileType = sourcecode.swift; path = EqualSignLeftStatement.swift; sourceTree = "<group>"; };
		5163A2A027F68E5C0003ECE5 /* Property.swift */ = {isa = PBXFileReference; lastKnownFileType = sourcecode.swift; path = Property.swift; sourceTree = "<group>"; };
		51A72A7227FD8B5F0045D9E1 /* CGRectMake.swift */ = {isa = PBXFileReference; lastKnownFileType = sourcecode.swift; path = CGRectMake.swift; sourceTree = "<group>"; };
		51A72A7427FD8E0A0045D9E1 /* ButtonWithType.swift */ = {isa = PBXFileReference; lastKnownFileType = sourcecode.swift; path = ButtonWithType.swift; sourceTree = "<group>"; };
		51A72A7A27FE84DF0045D9E1 /* StatementClass.swift */ = {isa = PBXFileReference; lastKnownFileType = sourcecode.swift; path = StatementClass.swift; sourceTree = "<group>"; };
		51A72A7C27FE85350045D9E1 /* StatementProtocol.swift */ = {isa = PBXFileReference; lastKnownFileType = sourcecode.swift; path = StatementProtocol.swift; sourceTree = "<group>"; };
		51DB0AA827FD3D8300B6D494 /* AddSubviewMethod.swift */ = {isa = PBXFileReference; lastKnownFileType = sourcecode.swift; path = AddSubviewMethod.swift; sourceTree = "<group>"; };
		51DB0AAB27FD468900B6D494 /* Masonry.swift */ = {isa = PBXFileReference; lastKnownFileType = sourcecode.swift; path = Masonry.swift; sourceTree = "<group>"; };
		51DB0AAD27FD70C100B6D494 /* CGSizeMake.swift */ = {isa = PBXFileReference; lastKnownFileType = sourcecode.swift; path = CGSizeMake.swift; sourceTree = "<group>"; };
		51EF5DF727D6FF06002BF582 /* ClassMap.swift */ = {isa = PBXFileReference; lastKnownFileType = sourcecode.swift; path = ClassMap.swift; sourceTree = "<group>"; };
/* End PBXFileReference section */

/* Begin PBXFrameworksBuildPhase section */
		514072FB27D596C4005EC88D /* Frameworks */ = {
			isa = PBXFrameworksBuildPhase;
			buildActionMask = 2147483647;
			files = (
			);
			runOnlyForDeploymentPostprocessing = 0;
		};
/* End PBXFrameworksBuildPhase section */

/* Begin PBXGroup section */
		514072F527D596C4005EC88D = {
			isa = PBXGroup;
			children = (
				5140730027D596C4005EC88D /* toswift */,
				514072FF27D596C4005EC88D /* Products */,
			);
			sourceTree = "<group>";
		};
		514072FF27D596C4005EC88D /* Products */ = {
			isa = PBXGroup;
			children = (
				514072FE27D596C4005EC88D /* toswift */,
			);
			name = Products;
			sourceTree = "<group>";
		};
		5140730027D596C4005EC88D /* toswift */ = {
			isa = PBXGroup;
			children = (
				5140730127D596C4005EC88D /* main.swift */,
				5140730827D5979C005EC88D /* Config.swift */,
				5140730A27D59863005EC88D /* FilterFiles.swift */,
				5163A29B27F59D580003ECE5 /* Translation */,
				51EF5DF727D6FF06002BF582 /* ClassMap.swift */,
			);
			path = toswift;
			sourceTree = "<group>";
		};
		5163A29B27F59D580003ECE5 /* Translation */ = {
			isa = PBXGroup;
			children = (
				5140730C27D618BB005EC88D /* Translation.swift */,
				51DB0AAA27FD3D8D00B6D494 /* Method */,
				5163A29C27F59D970003ECE5 /* Features.swift */,
				5163A29E27F5AE960003ECE5 /* EqualSignLeftStatement.swift */,
				5163A2A027F68E5C0003ECE5 /* Property.swift */,
				5150181F27F6F4C500BF949D /* Interface.swift */,
				5150182127F6F4CD00BF949D /* End.swift */,
				51A72A7C27FE85350045D9E1 /* StatementProtocol.swift */,
				51A72A7A27FE84DF0045D9E1 /* StatementClass.swift */,
				5150182327F7172700BF949D /* Implementation.swift */,
				5150182927F7E06300BF949D /* Mark.swift */,
				5150182B27F7E23D00BF949D /* Import.swift */,
				5150182D27F7E2CA00BF949D /* NS_ASSUME_NONNULL.swift */,
				5150183127F7F58E00BF949D /* Literal.swift */,
				5150183327F806B000BF949D /* Semicolon.swift */,
			);
			path = Translation;
			sourceTree = "<group>";
		};
		51DB0AAA27FD3D8D00B6D494 /* Method */ = {
			isa = PBXGroup;
			children = (
				5150182527F71B5100BF949D /* Method.swift */,
				51A72A7427FD8E0A0045D9E1 /* ButtonWithType.swift */,
				51DB0AA827FD3D8300B6D494 /* AddSubviewMethod.swift */,
				51DB0AAB27FD468900B6D494 /* Masonry.swift */,
				51DB0AAD27FD70C100B6D494 /* CGSizeMake.swift */,
				51A72A7227FD8B5F0045D9E1 /* CGRectMake.swift */,
			);
			path = Method;
			sourceTree = "<group>";
		};
/* End PBXGroup section */

/* Begin PBXNativeTarget section */
		514072FD27D596C4005EC88D /* toswift */ = {
			isa = PBXNativeTarget;
			buildConfigurationList = 5140730527D596C4005EC88D /* Build configuration list for PBXNativeTarget "toswift" */;
			buildPhases = (
				514072FA27D596C4005EC88D /* Sources */,
				514072FB27D596C4005EC88D /* Frameworks */,
				514072FC27D596C4005EC88D /* CopyFiles */,
			);
			buildRules = (
			);
			dependencies = (
			);
			name = toswift;
			productName = toswift;
			productReference = 514072FE27D596C4005EC88D /* toswift */;
			productType = "com.apple.product-type.tool";
		};
/* End PBXNativeTarget section */

/* Begin PBXProject section */
		514072F627D596C4005EC88D /* Project object */ = {
			isa = PBXProject;
			attributes = {
				BuildIndependentTargetsInParallel = 1;
				LastSwiftUpdateCheck = 1320;
				LastUpgradeCheck = 1330;
				TargetAttributes = {
					514072FD27D596C4005EC88D = {
						CreatedOnToolsVersion = 13.2.1;
					};
				};
			};
			buildConfigurationList = 514072F927D596C4005EC88D /* Build configuration list for PBXProject "toswift" */;
			compatibilityVersion = "Xcode 13.0";
			developmentRegion = en;
			hasScannedForEncodings = 0;
			knownRegions = (
				en,
				Base,
			);
			mainGroup = 514072F527D596C4005EC88D;
			productRefGroup = 514072FF27D596C4005EC88D /* Products */;
			projectDirPath = "";
			projectRoot = "";
			targets = (
				514072FD27D596C4005EC88D /* toswift */,
			);
		};
/* End PBXProject section */

/* Begin PBXSourcesBuildPhase section */
		514072FA27D596C4005EC88D /* Sources */ = {
			isa = PBXSourcesBuildPhase;
			buildActionMask = 2147483647;
			files = (
				5150182C27F7E23D00BF949D /* Import.swift in Sources */,
				5163A29D27F59D970003ECE5 /* Features.swift in Sources */,
				51EF5DF827D6FF06002BF582 /* ClassMap.swift in Sources */,
				5140730B27D59863005EC88D /* FilterFiles.swift in Sources */,
				5150182E27F7E2CA00BF949D /* NS_ASSUME_NONNULL.swift in Sources */,
				5140730227D596C4005EC88D /* main.swift in Sources */,
				51A72A7327FD8B5F0045D9E1 /* CGRectMake.swift in Sources */,
				51DB0AAE27FD70C100B6D494 /* CGSizeMake.swift in Sources */,
				5140730927D5979C005EC88D /* Config.swift in Sources */,
				5150182227F6F4CD00BF949D /* End.swift in Sources */,
				5140730D27D618BB005EC88D /* Translation.swift in Sources */,
				51A72A7D27FE85350045D9E1 /* StatementProtocol.swift in Sources */,
				5163A2A127F68E5C0003ECE5 /* Property.swift in Sources */,
				51A72A7B27FE84DF0045D9E1 /* StatementClass.swift in Sources */,
				51DB0AA927FD3D8300B6D494 /* AddSubviewMethod.swift in Sources */,
				5150182627F71B5100BF949D /* Method.swift in Sources */,
				5150182427F7172700BF949D /* Implementation.swift in Sources */,
				5163A29F27F5AE960003ECE5 /* EqualSignLeftStatement.swift in Sources */,
				5150183427F806B000BF949D /* Semicolon.swift in Sources */,
				51A72A7527FD8E0A0045D9E1 /* ButtonWithType.swift in Sources */,
				5150182A27F7E06300BF949D /* Mark.swift in Sources */,
				5150183227F7F58E00BF949D /* Literal.swift in Sources */,
				51DB0AAC27FD468900B6D494 /* Masonry.swift in Sources */,
				5150182027F6F4C500BF949D /* Interface.swift in Sources */,
			);
			runOnlyForDeploymentPostprocessing = 0;
		};
/* End PBXSourcesBuildPhase section */

/* Begin XCBuildConfiguration section */
		5140730327D596C4005EC88D /* Debug */ = {
			isa = XCBuildConfiguration;
			buildSettings = {
				ALWAYS_SEARCH_USER_PATHS = NO;
				CLANG_ANALYZER_NONNULL = YES;
				CLANG_ANALYZER_NUMBER_OBJECT_CONVERSION = YES_AGGRESSIVE;
				CLANG_CXX_LANGUAGE_STANDARD = "gnu++17";
				CLANG_CXX_LIBRARY = "libc++";
				CLANG_ENABLE_MODULES = YES;
				CLANG_ENABLE_OBJC_ARC = YES;
				CLANG_ENABLE_OBJC_WEAK = YES;
				CLANG_WARN_BLOCK_CAPTURE_AUTORELEASING = YES;
				CLANG_WARN_BOOL_CONVERSION = YES;
				CLANG_WARN_COMMA = YES;
				CLANG_WARN_CONSTANT_CONVERSION = YES;
				CLANG_WARN_DEPRECATED_OBJC_IMPLEMENTATIONS = YES;
				CLANG_WARN_DIRECT_OBJC_ISA_USAGE = YES_ERROR;
				CLANG_WARN_DOCUMENTATION_COMMENTS = YES;
				CLANG_WARN_EMPTY_BODY = YES;
				CLANG_WARN_ENUM_CONVERSION = YES;
				CLANG_WARN_INFINITE_RECURSION = YES;
				CLANG_WARN_INT_CONVERSION = YES;
				CLANG_WARN_NON_LITERAL_NULL_CONVERSION = YES;
				CLANG_WARN_OBJC_IMPLICIT_RETAIN_SELF = YES;
				CLANG_WARN_OBJC_LITERAL_CONVERSION = YES;
				CLANG_WARN_OBJC_ROOT_CLASS = YES_ERROR;
				CLANG_WARN_QUOTED_INCLUDE_IN_FRAMEWORK_HEADER = YES;
				CLANG_WARN_RANGE_LOOP_ANALYSIS = YES;
				CLANG_WARN_STRICT_PROTOTYPES = YES;
				CLANG_WARN_SUSPICIOUS_MOVE = YES;
				CLANG_WARN_UNGUARDED_AVAILABILITY = YES_AGGRESSIVE;
				CLANG_WARN_UNREACHABLE_CODE = YES;
				CLANG_WARN__DUPLICATE_METHOD_MATCH = YES;
				COPY_PHASE_STRIP = NO;
				DEBUG_INFORMATION_FORMAT = dwarf;
				ENABLE_STRICT_OBJC_MSGSEND = YES;
				ENABLE_TESTABILITY = YES;
				GCC_C_LANGUAGE_STANDARD = gnu11;
				GCC_DYNAMIC_NO_PIC = NO;
				GCC_NO_COMMON_BLOCKS = YES;
				GCC_OPTIMIZATION_LEVEL = 0;
				GCC_PREPROCESSOR_DEFINITIONS = (
					"DEBUG=1",
					"$(inherited)",
				);
				GCC_WARN_64_TO_32_BIT_CONVERSION = YES;
				GCC_WARN_ABOUT_RETURN_TYPE = YES_ERROR;
				GCC_WARN_UNDECLARED_SELECTOR = YES;
				GCC_WARN_UNINITIALIZED_AUTOS = YES_AGGRESSIVE;
				GCC_WARN_UNUSED_FUNCTION = YES;
				GCC_WARN_UNUSED_VARIABLE = YES;
				MACOSX_DEPLOYMENT_TARGET = 12.1;
				MTL_ENABLE_DEBUG_INFO = INCLUDE_SOURCE;
				MTL_FAST_MATH = YES;
				ONLY_ACTIVE_ARCH = YES;
				SDKROOT = macosx;
				SWIFT_ACTIVE_COMPILATION_CONDITIONS = DEBUG;
				SWIFT_OPTIMIZATION_LEVEL = "-Onone";
			};
			name = Debug;
		};
		5140730427D596C4005EC88D /* Release */ = {
			isa = XCBuildConfiguration;
			buildSettings = {
				ALWAYS_SEARCH_USER_PATHS = NO;
				CLANG_ANALYZER_NONNULL = YES;
				CLANG_ANALYZER_NUMBER_OBJECT_CONVERSION = YES_AGGRESSIVE;
				CLANG_CXX_LANGUAGE_STANDARD = "gnu++17";
				CLANG_CXX_LIBRARY = "libc++";
				CLANG_ENABLE_MODULES = YES;
				CLANG_ENABLE_OBJC_ARC = YES;
				CLANG_ENABLE_OBJC_WEAK = YES;
				CLANG_WARN_BLOCK_CAPTURE_AUTORELEASING = YES;
				CLANG_WARN_BOOL_CONVERSION = YES;
				CLANG_WARN_COMMA = YES;
				CLANG_WARN_CONSTANT_CONVERSION = YES;
				CLANG_WARN_DEPRECATED_OBJC_IMPLEMENTATIONS = YES;
				CLANG_WARN_DIRECT_OBJC_ISA_USAGE = YES_ERROR;
				CLANG_WARN_DOCUMENTATION_COMMENTS = YES;
				CLANG_WARN_EMPTY_BODY = YES;
				CLANG_WARN_ENUM_CONVERSION = YES;
				CLANG_WARN_INFINITE_RECURSION = YES;
				CLANG_WARN_INT_CONVERSION = YES;
				CLANG_WARN_NON_LITERAL_NULL_CONVERSION = YES;
				CLANG_WARN_OBJC_IMPLICIT_RETAIN_SELF = YES;
				CLANG_WARN_OBJC_LITERAL_CONVERSION = YES;
				CLANG_WARN_OBJC_ROOT_CLASS = YES_ERROR;
				CLANG_WARN_QUOTED_INCLUDE_IN_FRAMEWORK_HEADER = YES;
				CLANG_WARN_RANGE_LOOP_ANALYSIS = YES;
				CLANG_WARN_STRICT_PROTOTYPES = YES;
				CLANG_WARN_SUSPICIOUS_MOVE = YES;
				CLANG_WARN_UNGUARDED_AVAILABILITY = YES_AGGRESSIVE;
				CLANG_WARN_UNREACHABLE_CODE = YES;
				CLANG_WARN__DUPLICATE_METHOD_MATCH = YES;
				COPY_PHASE_STRIP = NO;
				DEBUG_INFORMATION_FORMAT = "dwarf-with-dsym";
				ENABLE_NS_ASSERTIONS = NO;
				ENABLE_STRICT_OBJC_MSGSEND = YES;
				GCC_C_LANGUAGE_STANDARD = gnu11;
				GCC_NO_COMMON_BLOCKS = YES;
				GCC_WARN_64_TO_32_BIT_CONVERSION = YES;
				GCC_WARN_ABOUT_RETURN_TYPE = YES_ERROR;
				GCC_WARN_UNDECLARED_SELECTOR = YES;
				GCC_WARN_UNINITIALIZED_AUTOS = YES_AGGRESSIVE;
				GCC_WARN_UNUSED_FUNCTION = YES;
				GCC_WARN_UNUSED_VARIABLE = YES;
				MACOSX_DEPLOYMENT_TARGET = 12.1;
				MTL_ENABLE_DEBUG_INFO = NO;
				MTL_FAST_MATH = YES;
				SDKROOT = macosx;
				SWIFT_COMPILATION_MODE = wholemodule;
				SWIFT_OPTIMIZATION_LEVEL = "-O";
			};
			name = Release;
		};
		5140730627D596C4005EC88D /* Debug */ = {
			isa = XCBuildConfiguration;
			buildSettings = {
				CODE_SIGN_IDENTITY = "-";
				CODE_SIGN_STYLE = Automatic;
				PRODUCT_NAME = "$(TARGET_NAME)";
				SWIFT_VERSION = 5.0;
			};
			name = Debug;
		};
		5140730727D596C4005EC88D /* Release */ = {
			isa = XCBuildConfiguration;
			buildSettings = {
				CODE_SIGN_IDENTITY = "-";
				CODE_SIGN_STYLE = Automatic;
				PRODUCT_NAME = "$(TARGET_NAME)";
				SWIFT_VERSION = 5.0;
			};
			name = Release;
		};
/* End XCBuildConfiguration section */

/* Begin XCConfigurationList section */
		514072F927D596C4005EC88D /* Build configuration list for PBXProject "toswift" */ = {
			isa = XCConfigurationList;
			buildConfigurations = (
				5140730327D596C4005EC88D /* Debug */,
				5140730427D596C4005EC88D /* Release */,
			);
			defaultConfigurationIsVisible = 0;
			defaultConfigurationName = Release;
		};
		5140730527D596C4005EC88D /* Build configuration list for PBXNativeTarget "toswift" */ = {
			isa = XCConfigurationList;
			buildConfigurations = (
				5140730627D596C4005EC88D /* Debug */,
				5140730727D596C4005EC88D /* Release */,
			);
			defaultConfigurationIsVisible = 0;
			defaultConfigurationName = Release;
		};
/* End XCConfigurationList section */
	};
	rootObject = 514072F627D596C4005EC88D /* Project object */;
}
